
Microsoft Visual Studio Solution File, Format Version 12.00
# Visual Studio Version 16
VisualStudioVersion = 16.0.31112.23
MinimumVisualStudioVersion = 10.0.40219.1
Project("{9A19103F-16F7-4668-BE54-9A1E7A4F7556}") = "ExcellentTaste", "ExcellentTaste\ExcellentTaste.csproj", "{14627701-D37A-4DE4-B0F9-01EF1304B4B3}"
EndProject
Project("{9A19103F-16F7-4668-BE54-9A1E7A4F7556}") = "ExcellentTaste.Domain", "ExcellentTaste.Domain\ExcellentTaste.Domain.csproj", "{645CD3A5-9444-4699-B9A5-8DA785B73E2B}"
EndProject
Project("{FAE04EC0-301F-11D3-BF4B-00C04F79EFBC}") = "ExcellentTaste.Infrastructure.InMemory", "ExcellentTaste.Infrastructure.InMemory\ExcellentTaste.Infrastructure.InMemory.csproj", "{725B1D12-21E0-4F58-B3F0-2307CDA03B55}"
EndProject
Global
	GlobalSection(SolutionConfigurationPlatforms) = preSolution
		Debug|Any CPU = Debug|Any CPU
		Release|Any CPU = Release|Any CPU
	EndGlobalSection
	GlobalSection(ProjectConfigurationPlatforms) = postSolution
		{14627701-D37A-4DE4-B0F9-01EF1304B4B3}.Debug|Any CPU.ActiveCfg = Debug|Any CPU
		{14627701-D37A-4DE4-B0F9-01EF1304B4B3}.Debug|Any CPU.Build.0 = Debug|Any CPU
		{14627701-D37A-4DE4-B0F9-01EF1304B4B3}.Release|Any CPU.ActiveCfg = Release|Any CPU
		{14627701-D37A-4DE4-B0F9-01EF1304B4B3}.Release|Any CPU.Build.0 = Release|Any CPU
		{645CD3A5-9444-4699-B9A5-8DA785B73E2B}.Debug|Any CPU.ActiveCfg = Debug|Any CPU
		{645CD3A5-9444-4699-B9A5-8DA785B73E2B}.Debug|Any CPU.Build.0 = Debug|Any CPU
		{645CD3A5-9444-4699-B9A5-8DA785B73E2B}.Release|Any CPU.ActiveCfg = Release|Any CPU
		{645CD3A5-9444-4699-B9A5-8DA785B73E2B}.Release|Any CPU.Build.0 = Release|Any CPU
		{725B1D12-21E0-4F58-B3F0-2307CDA03B55}.Debug|Any CPU.ActiveCfg = Debug|Any CPU
		{725B1D12-21E0-4F58-B3F0-2307CDA03B55}.Debug|Any CPU.Build.0 = Debug|Any CPU
		{725B1D12-21E0-4F58-B3F0-2307CDA03B55}.Release|Any CPU.ActiveCfg = Release|Any CPU
		{725B1D12-21E0-4F58-B3F0-2307CDA03B55}.Release|Any CPU.Build.0 = Release|Any CPU
	EndGlobalSection
	GlobalSection(SolutionProperties) = preSolution
		HideSolutionNode = FALSE
	EndGlobalSection
	GlobalSection(ExtensibilityGlobals) = postSolution
		SolutionGuid = {FF692F35-BF87-46D6-AEA6-871B829A618E}
	EndGlobalSection
EndGlobal
